// !$*UTF8*$!
{
	archiveVersion = 1;
	classes = {
	};
	objectVersion = 55;
	objects = {

/* Begin PBXBuildFile section */
		1040033728BFF0B400F13918 /* AppDelegate.swift in Sources */ = {isa = PBXBuildFile; fileRef = 1040033628BFF0B400F13918 /* AppDelegate.swift */; };
		1040033928BFF0B400F13918 /* SceneDelegate.swift in Sources */ = {isa = PBXBuildFile; fileRef = 1040033828BFF0B400F13918 /* SceneDelegate.swift */; };
		1040033B28BFF0B400F13918 /* ViewController.swift in Sources */ = {isa = PBXBuildFile; fileRef = 1040033A28BFF0B400F13918 /* ViewController.swift */; };
		1040033E28BFF0B400F13918 /* Main.storyboard in Resources */ = {isa = PBXBuildFile; fileRef = 1040033C28BFF0B400F13918 /* Main.storyboard */; };
		1040034028BFF0B700F13918 /* Assets.xcassets in Resources */ = {isa = PBXBuildFile; fileRef = 1040033F28BFF0B700F13918 /* Assets.xcassets */; };
		1040034328BFF0B700F13918 /* LaunchScreen.storyboard in Resources */ = {isa = PBXBuildFile; fileRef = 1040034128BFF0B700F13918 /* LaunchScreen.storyboard */; };
		BD6F4DB7B9FC0D427A3913FD /* Pods_lr_cmp_ios_demo.framework in Frameworks */ = {isa = PBXBuildFile; fileRef = 286CA8D093E6C0A4E5879232 /* Pods_lr_cmp_ios_demo.framework */; };
/* End PBXBuildFile section */

/* Begin PBXFileReference section */
		1040033328BFF0B400F13918 /* lr-cmp-ios-demo.app */ = {isa = PBXFileReference; explicitFileType = wrapper.application; includeInIndex = 0; path = "lr-cmp-ios-demo.app"; sourceTree = BUILT_PRODUCTS_DIR; };
		1040033628BFF0B400F13918 /* AppDelegate.swift */ = {isa = PBXFileReference; lastKnownFileType = sourcecode.swift; path = AppDelegate.swift; sourceTree = "<group>"; };
		1040033828BFF0B400F13918 /* SceneDelegate.swift */ = {isa = PBXFileReference; lastKnownFileType = sourcecode.swift; path = SceneDelegate.swift; sourceTree = "<group>"; };
		1040033A28BFF0B400F13918 /* ViewController.swift */ = {isa = PBXFileReference; lastKnownFileType = sourcecode.swift; path = ViewController.swift; sourceTree = "<group>"; };
		1040033D28BFF0B400F13918 /* Base */ = {isa = PBXFileReference; lastKnownFileType = file.storyboard; name = Base; path = Base.lproj/Main.storyboard; sourceTree = "<group>"; };
		1040033F28BFF0B700F13918 /* Assets.xcassets */ = {isa = PBXFileReference; lastKnownFileType = folder.assetcatalog; path = Assets.xcassets; sourceTree = "<group>"; };
		1040034228BFF0B700F13918 /* Base */ = {isa = PBXFileReference; lastKnownFileType = file.storyboard; name = Base; path = Base.lproj/LaunchScreen.storyboard; sourceTree = "<group>"; };
		1040034428BFF0B700F13918 /* Info.plist */ = {isa = PBXFileReference; lastKnownFileType = text.plist.xml; path = Info.plist; sourceTree = "<group>"; };
		286CA8D093E6C0A4E5879232 /* Pods_lr_cmp_ios_demo.framework */ = {isa = PBXFileReference; explicitFileType = wrapper.framework; includeInIndex = 0; path = Pods_lr_cmp_ios_demo.framework; sourceTree = BUILT_PRODUCTS_DIR; };
		BB4E00100A2E7557DE1E5F4B /* Pods-lr-cmp-ios-demo.release.xcconfig */ = {isa = PBXFileReference; includeInIndex = 1; lastKnownFileType = text.xcconfig; name = "Pods-lr-cmp-ios-demo.release.xcconfig"; path = "Target Support Files/Pods-lr-cmp-ios-demo/Pods-lr-cmp-ios-demo.release.xcconfig"; sourceTree = "<group>"; };
		CC06EC04A40D9C6EEDADAAD4 /* Pods-lr-cmp-ios-demo.debug.xcconfig */ = {isa = PBXFileReference; includeInIndex = 1; lastKnownFileType = text.xcconfig; name = "Pods-lr-cmp-ios-demo.debug.xcconfig"; path = "Target Support Files/Pods-lr-cmp-ios-demo/Pods-lr-cmp-ios-demo.debug.xcconfig"; sourceTree = "<group>"; };
/* End PBXFileReference section */

/* Begin PBXFrameworksBuildPhase section */
		1040033028BFF0B400F13918 /* Frameworks */ = {
			isa = PBXFrameworksBuildPhase;
			buildActionMask = 2147483647;
			files = (
				BD6F4DB7B9FC0D427A3913FD /* Pods_lr_cmp_ios_demo.framework in Frameworks */,
			);
			runOnlyForDeploymentPostprocessing = 0;
		};
/* End PBXFrameworksBuildPhase section */

/* Begin PBXGroup section */
		0D5312DCCA81CACC6BB35735 /* Frameworks */ = {
			isa = PBXGroup;
			children = (
				286CA8D093E6C0A4E5879232 /* Pods_lr_cmp_ios_demo.framework */,
			);
			name = Frameworks;
			sourceTree = "<group>";
		};
		1040032A28BFF0B400F13918 = {
			isa = PBXGroup;
			children = (
				1040033528BFF0B400F13918 /* lr-cmp-ios-demo */,
				1040033428BFF0B400F13918 /* Products */,
				8DF186372DF5FFC0E615A12B /* Pods */,
				0D5312DCCA81CACC6BB35735 /* Frameworks */,
			);
			sourceTree = "<group>";
		};
		1040033428BFF0B400F13918 /* Products */ = {
			isa = PBXGroup;
			children = (
				1040033328BFF0B400F13918 /* lr-cmp-ios-demo.app */,
			);
			name = Products;
			sourceTree = "<group>";
		};
		1040033528BFF0B400F13918 /* lr-cmp-ios-demo */ = {
			isa = PBXGroup;
			children = (
				1040033628BFF0B400F13918 /* AppDelegate.swift */,
				1040033828BFF0B400F13918 /* SceneDelegate.swift */,
				1040033A28BFF0B400F13918 /* ViewController.swift */,
				1040033C28BFF0B400F13918 /* Main.storyboard */,
				1040033F28BFF0B700F13918 /* Assets.xcassets */,
				1040034128BFF0B700F13918 /* LaunchScreen.storyboard */,
				1040034428BFF0B700F13918 /* Info.plist */,
			);
			path = "lr-cmp-ios-demo";
			sourceTree = "<group>";
		};
		8DF186372DF5FFC0E615A12B /* Pods */ = {
			isa = PBXGroup;
			children = (
				CC06EC04A40D9C6EEDADAAD4 /* Pods-lr-cmp-ios-demo.debug.xcconfig */,
				BB4E00100A2E7557DE1E5F4B /* Pods-lr-cmp-ios-demo.release.xcconfig */,
			);
			path = Pods;
			sourceTree = "<group>";
		};
/* End PBXGroup section */

/* Begin PBXNativeTarget section */
		1040033228BFF0B400F13918 /* lr-cmp-ios-demo */ = {
			isa = PBXNativeTarget;
			buildConfigurationList = 1040034728BFF0B700F13918 /* Build configuration list for PBXNativeTarget "lr-cmp-ios-demo" */;
			buildPhases = (
				3F2E2F6D84D2450A8645833D /* [CP] Check Pods Manifest.lock */,
				1040032F28BFF0B400F13918 /* Sources */,
				1040033028BFF0B400F13918 /* Frameworks */,
				1040033128BFF0B400F13918 /* Resources */,
				DFD1DFCB287F2260AB021967 /* [CP] Embed Pods Frameworks */,
			);
			buildRules = (
			);
			dependencies = (
			);
			name = "lr-cmp-ios-demo";
			productName = "lr-cmp-ios-demo";
			productReference = 1040033328BFF0B400F13918 /* lr-cmp-ios-demo.app */;
			productType = "com.apple.product-type.application";
		};
/* End PBXNativeTarget section */

/* Begin PBXProject section */
		1040032B28BFF0B400F13918 /* Project object */ = {
			isa = PBXProject;
			attributes = {
				BuildIndependentTargetsInParallel = 1;
				LastSwiftUpdateCheck = 1340;
				LastUpgradeCheck = 1340;
				TargetAttributes = {
					1040033228BFF0B400F13918 = {
						CreatedOnToolsVersion = 13.4.1;
					};
				};
			};
			buildConfigurationList = 1040032E28BFF0B400F13918 /* Build configuration list for PBXProject "lr-cmp-ios-demo" */;
			compatibilityVersion = "Xcode 13.0";
			developmentRegion = en;
			hasScannedForEncodings = 0;
			knownRegions = (
				en,
				Base,
			);
			mainGroup = 1040032A28BFF0B400F13918;
			productRefGroup = 1040033428BFF0B400F13918 /* Products */;
			projectDirPath = "";
			projectRoot = "";
			targets = (
				1040033228BFF0B400F13918 /* lr-cmp-ios-demo */,
			);
		};
/* End PBXProject section */

/* Begin PBXResourcesBuildPhase section */
		1040033128BFF0B400F13918 /* Resources */ = {
			isa = PBXResourcesBuildPhase;
			buildActionMask = 2147483647;
			files = (
				1040034328BFF0B700F13918 /* LaunchScreen.storyboard in Resources */,
				1040034028BFF0B700F13918 /* Assets.xcassets in Resources */,
				1040033E28BFF0B400F13918 /* Main.storyboard in Resources */,
			);
			runOnlyForDeploymentPostprocessing = 0;
		};
/* End PBXResourcesBuildPhase section */

/* Begin PBXShellScriptBuildPhase section */
		3F2E2F6D84D2450A8645833D /* [CP] Check Pods Manifest.lock */ = {
			isa = PBXShellScriptBuildPhase;
			buildActionMask = 2147483647;
			files = (
			);
			inputFileListPaths = (
			);
			inputPaths = (
				"${PODS_PODFILE_DIR_PATH}/Podfile.lock",
				"${PODS_ROOT}/Manifest.lock",
			);
			name = "[CP] Check Pods Manifest.lock";
			outputFileListPaths = (
			);
			outputPaths = (
				"$(DERIVED_FILE_DIR)/Pods-lr-cmp-ios-demo-checkManifestLockResult.txt",
			);
			runOnlyForDeploymentPostprocessing = 0;
			shellPath = /bin/sh;
			shellScript = "diff \"${PODS_PODFILE_DIR_PATH}/Podfile.lock\" \"${PODS_ROOT}/Manifest.lock\" > /dev/null\nif [ $? != 0 ] ; then\n    # print error to STDERR\n    echo \"error: The sandbox is not in sync with the Podfile.lock. Run 'pod install' or update your CocoaPods installation.\" >&2\n    exit 1\nfi\n# This output is used by Xcode 'outputs' to avoid re-running this script phase.\necho \"SUCCESS\" > \"${SCRIPT_OUTPUT_FILE_0}\"\n";
			showEnvVarsInLog = 0;
		};
		DFD1DFCB287F2260AB021967 /* [CP] Embed Pods Frameworks */ = {
			isa = PBXShellScriptBuildPhase;
			buildActionMask = 2147483647;
			files = (
			);
			inputFileListPaths = (
				"${PODS_ROOT}/Target Support Files/Pods-lr-cmp-ios-demo/Pods-lr-cmp-ios-demo-frameworks-${CONFIGURATION}-input-files.xcfilelist",
			);
			name = "[CP] Embed Pods Frameworks";
			outputFileListPaths = (
				"${PODS_ROOT}/Target Support Files/Pods-lr-cmp-ios-demo/Pods-lr-cmp-ios-demo-frameworks-${CONFIGURATION}-output-files.xcfilelist",
			);
			runOnlyForDeploymentPostprocessing = 0;
			shellPath = /bin/sh;
			shellScript = "\"${PODS_ROOT}/Target Support Files/Pods-lr-cmp-ios-demo/Pods-lr-cmp-ios-demo-frameworks.sh\"\n";
			showEnvVarsInLog = 0;
		};
/* End PBXShellScriptBuildPhase section */

/* Begin PBXSourcesBuildPhase section */
		1040032F28BFF0B400F13918 /* Sources */ = {
			isa = PBXSourcesBuildPhase;
			buildActionMask = 2147483647;
			files = (
				1040033B28BFF0B400F13918 /* ViewController.swift in Sources */,
				1040033728BFF0B400F13918 /* AppDelegate.swift in Sources */,
				1040033928BFF0B400F13918 /* SceneDelegate.swift in Sources */,
			);
			runOnlyForDeploymentPostprocessing = 0;
		};
/* End PBXSourcesBuildPhase section */

/* Begin PBXVariantGroup section */
		1040033C28BFF0B400F13918 /* Main.storyboard */ = {
			isa = PBXVariantGroup;
			children = (
				1040033D28BFF0B400F13918 /* Base */,
			);
			name = Main.storyboard;
			sourceTree = "<group>";
		};
		1040034128BFF0B700F13918 /* LaunchScreen.storyboard */ = {
			isa = PBXVariantGroup;
			children = (
				1040034228BFF0B700F13918 /* Base */,
			);
			name = LaunchScreen.storyboard;
			sourceTree = "<group>";
		};
/* End PBXVariantGroup section */

/* Begin XCBuildConfiguration section */
		1040034528BFF0B700F13918 /* Debug */ = {
			isa = XCBuildConfiguration;
			buildSettings = {
				ALWAYS_SEARCH_USER_PATHS = NO;
				CLANG_ANALYZER_NONNULL = YES;
				CLANG_ANALYZER_NUMBER_OBJECT_CONVERSION = YES_AGGRESSIVE;
				CLANG_CXX_LANGUAGE_STANDARD = "gnu++17";
				CLANG_ENABLE_MODULES = YES;
				CLANG_ENABLE_OBJC_ARC = YES;
				CLANG_ENABLE_OBJC_WEAK = YES;
				CLANG_WARN_BLOCK_CAPTURE_AUTORELEASING = YES;
				CLANG_WARN_BOOL_CONVERSION = YES;
				CLANG_WARN_COMMA = YES;
				CLANG_WARN_CONSTANT_CONVERSION = YES;
				CLANG_WARN_DEPRECATED_OBJC_IMPLEMENTATIONS = YES;
				CLANG_WARN_DIRECT_OBJC_ISA_USAGE = YES_ERROR;
				CLANG_WARN_DOCUMENTATION_COMMENTS = YES;
				CLANG_WARN_EMPTY_BODY = YES;
				CLANG_WARN_ENUM_CONVERSION = YES;
				CLANG_WARN_INFINITE_RECURSION = YES;
				CLANG_WARN_INT_CONVERSION = YES;
				CLANG_WARN_NON_LITERAL_NULL_CONVERSION = YES;
				CLANG_WARN_OBJC_IMPLICIT_RETAIN_SELF = YES;
				CLANG_WARN_OBJC_LITERAL_CONVERSION = YES;
				CLANG_WARN_OBJC_ROOT_CLASS = YES_ERROR;
				CLANG_WARN_QUOTED_INCLUDE_IN_FRAMEWORK_HEADER = YES;
				CLANG_WARN_RANGE_LOOP_ANALYSIS = YES;
				CLANG_WARN_STRICT_PROTOTYPES = YES;
				CLANG_WARN_SUSPICIOUS_MOVE = YES;
				CLANG_WARN_UNGUARDED_AVAILABILITY = YES_AGGRESSIVE;
				CLANG_WARN_UNREACHABLE_CODE = YES;
				CLANG_WARN__DUPLICATE_METHOD_MATCH = YES;
				COPY_PHASE_STRIP = NO;
				DEBUG_INFORMATION_FORMAT = dwarf;
				ENABLE_STRICT_OBJC_MSGSEND = YES;
				ENABLE_TESTABILITY = YES;
				GCC_C_LANGUAGE_STANDARD = gnu11;
				GCC_DYNAMIC_NO_PIC = NO;
				GCC_NO_COMMON_BLOCKS = YES;
				GCC_OPTIMIZATION_LEVEL = 0;
				GCC_PREPROCESSOR_DEFINITIONS = (
					"DEBUG=1",
					"$(inherited)",
				);
				GCC_WARN_64_TO_32_BIT_CONVERSION = YES;
				GCC_WARN_ABOUT_RETURN_TYPE = YES_ERROR;
				GCC_WARN_UNDECLARED_SELECTOR = YES;
				GCC_WARN_UNINITIALIZED_AUTOS = YES_AGGRESSIVE;
				GCC_WARN_UNUSED_FUNCTION = YES;
				GCC_WARN_UNUSED_VARIABLE = YES;
				IPHONEOS_DEPLOYMENT_TARGET = 15.5;
				MTL_ENABLE_DEBUG_INFO = INCLUDE_SOURCE;
				MTL_FAST_MATH = YES;
				ONLY_ACTIVE_ARCH = YES;
				SDKROOT = iphoneos;
				SWIFT_ACTIVE_COMPILATION_CONDITIONS = DEBUG;
				SWIFT_OPTIMIZATION_LEVEL = "-Onone";
			};
			name = Debug;
		};
		1040034628BFF0B700F13918 /* Release */ = {
			isa = XCBuildConfiguration;
			buildSettings = {
				ALWAYS_SEARCH_USER_PATHS = NO;
				CLANG_ANALYZER_NONNULL = YES;
				CLANG_ANALYZER_NUMBER_OBJECT_CONVERSION = YES_AGGRESSIVE;
				CLANG_CXX_LANGUAGE_STANDARD = "gnu++17";
				CLANG_ENABLE_MODULES = YES;
				CLANG_ENABLE_OBJC_ARC = YES;
				CLANG_ENABLE_OBJC_WEAK = YES;
				CLANG_WARN_BLOCK_CAPTURE_AUTORELEASING = YES;
				CLANG_WARN_BOOL_CONVERSION = YES;
				CLANG_WARN_COMMA = YES;
				CLANG_WARN_CONSTANT_CONVERSION = YES;
				CLANG_WARN_DEPRECATED_OBJC_IMPLEMENTATIONS = YES;
				CLANG_WARN_DIRECT_OBJC_ISA_USAGE = YES_ERROR;
				CLANG_WARN_DOCUMENTATION_COMMENTS = YES;
				CLANG_WARN_EMPTY_BODY = YES;
				CLANG_WARN_ENUM_CONVERSION = YES;
				CLANG_WARN_INFINITE_RECURSION = YES;
				CLANG_WARN_INT_CONVERSION = YES;
				CLANG_WARN_NON_LITERAL_NULL_CONVERSION = YES;
				CLANG_WARN_OBJC_IMPLICIT_RETAIN_SELF = YES;
				CLANG_WARN_OBJC_LITERAL_CONVERSION = YES;
				CLANG_WARN_OBJC_ROOT_CLASS = YES_ERROR;
				CLANG_WARN_QUOTED_INCLUDE_IN_FRAMEWORK_HEADER = YES;
				CLANG_WARN_RANGE_LOOP_ANALYSIS = YES;
				CLANG_WARN_STRICT_PROTOTYPES = YES;
				CLANG_WARN_SUSPICIOUS_MOVE = YES;
				CLANG_WARN_UNGUARDED_AVAILABILITY = YES_AGGRESSIVE;
				CLANG_WARN_UNREACHABLE_CODE = YES;
				CLANG_WARN__DUPLICATE_METHOD_MATCH = YES;
				COPY_PHASE_STRIP = NO;
				DEBUG_INFORMATION_FORMAT = "dwarf-with-dsym";
				ENABLE_NS_ASSERTIONS = NO;
				ENABLE_STRICT_OBJC_MSGSEND = YES;
				GCC_C_LANGUAGE_STANDARD = gnu11;
				GCC_NO_COMMON_BLOCKS = YES;
				GCC_WARN_64_TO_32_BIT_CONVERSION = YES;
				GCC_WARN_ABOUT_RETURN_TYPE = YES_ERROR;
				GCC_WARN_UNDECLARED_SELECTOR = YES;
				GCC_WARN_UNINITIALIZED_AUTOS = YES_AGGRESSIVE;
				GCC_WARN_UNUSED_FUNCTION = YES;
				GCC_WARN_UNUSED_VARIABLE = YES;
				IPHONEOS_DEPLOYMENT_TARGET = 15.5;
				MTL_ENABLE_DEBUG_INFO = NO;
				MTL_FAST_MATH = YES;
				SDKROOT = iphoneos;
				SWIFT_COMPILATION_MODE = wholemodule;
				SWIFT_OPTIMIZATION_LEVEL = "-O";
				VALIDATE_PRODUCT = YES;
			};
			name = Release;
		};
		1040034828BFF0B700F13918 /* Debug */ = {
			isa = XCBuildConfiguration;
			baseConfigurationReference = CC06EC04A40D9C6EEDADAAD4 /* Pods-lr-cmp-ios-demo.debug.xcconfig */;
			buildSettings = {
				ASSETCATALOG_COMPILER_APPICON_NAME = AppIcon;
				ASSETCATALOG_COMPILER_GLOBAL_ACCENT_COLOR_NAME = AccentColor;
				CODE_SIGN_STYLE = Automatic;
				CURRENT_PROJECT_VERSION = 1;
				DEVELOPMENT_TEAM = 3LN8244SS8;
				GENERATE_INFOPLIST_FILE = YES;
				INFOPLIST_FILE = "lr-cmp-ios-demo/Info.plist";
				INFOPLIST_KEY_UIApplicationSupportsIndirectInputEvents = YES;
				INFOPLIST_KEY_UILaunchStoryboardName = LaunchScreen;
				INFOPLIST_KEY_UIMainStoryboardFile = Main;
				INFOPLIST_KEY_UISupportedInterfaceOrientations_iPad = "UIInterfaceOrientationPortrait UIInterfaceOrientationPortraitUpsideDown UIInterfaceOrientationLandscapeLeft UIInterfaceOrientationLandscapeRight";
				INFOPLIST_KEY_UISupportedInterfaceOrientations_iPhone = "UIInterfaceOrientationPortrait UIInterfaceOrientationLandscapeLeft UIInterfaceOrientationLandscapeRight";
				IPHONEOS_DEPLOYMENT_TARGET = 15.0;
				LD_RUNPATH_SEARCH_PATHS = (
					"$(inherited)",
					"@executable_path/Frameworks",
				);
				MARKETING_VERSION = 1.0;
				PRODUCT_BUNDLE_IDENTIFIER = "com.liveramp.lr-cmp-ios-demo";
				PRODUCT_NAME = "$(TARGET_NAME)";
				SWIFT_EMIT_LOC_STRINGS = YES;
				SWIFT_VERSION = 5.0;
				TARGETED_DEVICE_FAMILY = "1,2";
			};
			name = Debug;
		};
		1040034928BFF0B700F13918 /* Release */ = {
			isa = XCBuildConfiguration;
			baseConfigurationReference = BB4E00100A2E7557DE1E5F4B /* Pods-lr-cmp-ios-demo.release.xcconfig */;
			buildSettings = {
				ASSETCATALOG_COMPILER_APPICON_NAME = AppIcon;
				ASSETCATALOG_COMPILER_GLOBAL_ACCENT_COLOR_NAME = AccentColor;
				CODE_SIGN_STYLE = Automatic;
				CURRENT_PROJECT_VERSION = 1;
				DEVELOPMENT_TEAM = 3LN8244SS8;
				GENERATE_INFOPLIST_FILE = YES;
				INFOPLIST_FILE = "lr-cmp-ios-demo/Info.plist";
				INFOPLIST_KEY_UIApplicationSupportsIndirectInputEvents = YES;
				INFOPLIST_KEY_UILaunchStoryboardName = LaunchScreen;
				INFOPLIST_KEY_UIMainStoryboardFile = Main;
				INFOPLIST_KEY_UISupportedInterfaceOrientations_iPad = "UIInterfaceOrientationPortrait UIInterfaceOrientationPortraitUpsideDown UIInterfaceOrientationLandscapeLeft UIInterfaceOrientationLandscapeRight";
				INFOPLIST_KEY_UISupportedInterfaceOrientations_iPhone = "UIInterfaceOrientationPortrait UIInterfaceOrientationLandscapeLeft UIInterfaceOrientationLandscapeRight";
				IPHONEOS_DEPLOYMENT_TARGET = 15.0;
				LD_RUNPATH_SEARCH_PATHS = (
					"$(inherited)",
					"@executable_path/Frameworks",
				);
				MARKETING_VERSION = 1.0;
				PRODUCT_BUNDLE_IDENTIFIER = "com.liveramp.lr-cmp-ios-demo";
				PRODUCT_NAME = "$(TARGET_NAME)";
				SWIFT_EMIT_LOC_STRINGS = YES;
				SWIFT_VERSION = 5.0;
				TARGETED_DEVICE_FAMILY = "1,2";
			};
			name = Release;
		};
/* End XCBuildConfiguration section */

/* Begin XCConfigurationList section */
		1040032E28BFF0B400F13918 /* Build configuration list for PBXProject "lr-cmp-ios-demo" */ = {
			isa = XCConfigurationList;
			buildConfigurations = (
				1040034528BFF0B700F13918 /* Debug */,
				1040034628BFF0B700F13918 /* Release */,
			);
			defaultConfigurationIsVisible = 0;
			defaultConfigurationName = Release;
		};
		1040034728BFF0B700F13918 /* Build configuration list for PBXNativeTarget "lr-cmp-ios-demo" */ = {
			isa = XCConfigurationList;
			buildConfigurations = (
				1040034828BFF0B700F13918 /* Debug */,
				1040034928BFF0B700F13918 /* Release */,
			);
			defaultConfigurationIsVisible = 0;
			defaultConfigurationName = Release;
		};
/* End XCConfigurationList section */
	};
	rootObject = 1040032B28BFF0B400F13918 /* Project object */;
}
